<Solution>
  <!-- .slnx, not .sln. VS 18 reads slnx natively. -->
  <Folder Name="/src/Agents/">
    <Project Path="src/ProjectName.Agents/Checker/ProjectName.Agents.Checker.csproj" />
    <Project Path="src/ProjectName.Agents/Maker/ProjectName.Agents.Maker.csproj" />
    <Project Path="src/ProjectName.Agents/Planner/ProjectName.Agents.Planner.csproj" />
    <Project Path="src/ProjectName.Agents/Reflector/ProjectName.Agents.Reflector.csproj" />
  </Folder>
  <Folder Name="/src/api/">
    <Project Path="src/api/ProjectName.CheckerGrpc/ProjectName.CheckerGrpc.csproj" />
    <Project Path="src/api/ProjectName.MakerGrpc/ProjectName.MakerGrpc.csproj" />
    <Project Path="src/api/ProjectName.ReflectorGrpc/ProjectName.ReflectorGrpc.csproj" />
    <Project Path="src/api/ProjectName.OrchestratorApi/ProjectName.OrchestratorApi.csproj" />
    <Project Path="src/api/ProjectName.OrchestratorGrpc/ProjectName.OrchestratorGrpc.csproj" />
    <Project Path="src/api/ProjectName.PlannerGrpc/ProjectName.PlannerGrpc.csproj" />
  </Folder>
  <Folder Name="/src/app/">
    <Project Path="ProjectName.App/ProjectName.App.csproj">
      <Deploy Solution="Debug|*" />
    </Project>
  </Folder>
  <Folder Name="/src/host/">
    <Project Path="src/ProjectName.AppHost/ProjectName.AppHost.csproj" Id="d496c72b-f4df-4ada-8cdb-50cf81ed848d" />
    <Project Path="src/ProjectName.ServiceDefaults/ProjectName.ServiceDefaults.csproj" Id="e2af90c0-4a11-405b-8bd8-fdffbec91a2a" />
    <Project Path="src/ProjectName.MauiServiceDefaults/ProjectName.MauiServiceDefaults.csproj" />
  </Folder>
  <Folder Name="/src/lib/">
    <Project Path="src/Application/Application.csproj" />
    <Project Path="src/Domain/Domain.csproj" />
    <Project Path="src/Infrastructure/Infrastructure.csproj" />
    <Project Path="src/PMCR.Core/PMCR.Core.csproj" />
  </Folder>
  <Folder Name="/src/mcp/">
    <Project Path="src/pmcro.McpServer/pmcro.McpServer.csproj" />
  </Folder>
</Solution>